
Microsoft Visual Studio Solution File, Format Version 12.00
# Visual Studio 14
VisualStudioVersion = 14.0.25420.1
MinimumVisualStudioVersion = 10.0.40219.1
Project("{8BB2217D-0F2D-49D1-97BC-3654ED321F3B}") = "helloapi", "helloapi.xproj", "{DF9F771F-B052-4B84-8688-8DB7F3524375}"
EndProject
Global
	GlobalSection(SolutionConfigurationPlatforms) = preSolution
		Debug|Any CPU = Debug|Any CPU
		Release|Any CPU = Release|Any CPU
	EndGlobalSection
	GlobalSection(ProjectConfigurationPlatforms) = postSolution
		{DF9F771F-B052-4B84-8688-8DB7F3524375}.Debug|Any CPU.ActiveCfg = Debug|Any CPU
		{DF9F771F-B052-4B84-8688-8DB7F3524375}.Debug|Any CPU.Build.0 = Debug|Any CPU
		{DF9F771F-B052-4B84-8688-8DB7F3524375}.Release|Any CPU.ActiveCfg = Release|Any CPU
		{DF9F771F-B052-4B84-8688-8DB7F3524375}.Release|Any CPU.Build.0 = Release|Any CPU
	EndGlobalSection
	GlobalSection(SolutionProperties) = preSolution
		HideSolutionNode = FALSE
	EndGlobalSection
EndGlobal
